
Microsoft Visual Studio Solution File, Format Version 12.00
# Visual Studio 15
VisualStudioVersion = 15.0.27004.2005
MinimumVisualStudioVersion = 10.0.40219.1
Project("{9A19103F-16F7-4668-BE54-9A1E7A4F7556}") = "Socks.Core", "src\Socks.Core.csproj", "{002A0B03-130C-4F41-9F9B-AC065FBBBCD9}"
EndProject
Global
	GlobalSection(SolutionConfigurationPlatforms) = preSolution
		Debug|Any CPU = Debug|Any CPU
		Release|Any CPU = Release|Any CPU
	EndGlobalSection
	GlobalSection(ProjectConfigurationPlatforms) = postSolution
		{002A0B03-130C-4F41-9F9B-AC065FBBBCD9}.Debug|Any CPU.ActiveCfg = Debug|Any CPU
		{002A0B03-130C-4F41-9F9B-AC065FBBBCD9}.Debug|Any CPU.Build.0 = Debug|Any CPU
		{002A0B03-130C-4F41-9F9B-AC065FBBBCD9}.Release|Any CPU.ActiveCfg = Release|Any CPU
		{002A0B03-130C-4F41-9F9B-AC065FBBBCD9}.Release|Any CPU.Build.0 = Release|Any CPU
	EndGlobalSection
	GlobalSection(SolutionProperties) = preSolution
		HideSolutionNode = FALSE
	EndGlobalSection
	GlobalSection(ExtensibilityGlobals) = postSolution
		SolutionGuid = {839C7884-5FFD-4D3D-B268-F630E5E8F3FE}
	EndGlobalSection
EndGlobal
