
Microsoft Visual Studio Solution File, Format Version 12.00
# Visual Studio 2012
Project("{FAE04EC0-301F-11D3-BF4B-00C04F79EFBC}") = "Socks.net", "Socks.net\Socks.net.csproj", "{BF2248BA-B4CA-4A69-A7E7-FE5B061F2024}"
EndProject
Global
	GlobalSection(SolutionConfigurationPlatforms) = preSolution
		Debug|Any CPU = Debug|Any CPU
		Release|Any CPU = Release|Any CPU
	EndGlobalSection
	GlobalSection(ProjectConfigurationPlatforms) = postSolution
		{BF2248BA-B4CA-4A69-A7E7-FE5B061F2024}.Debug|Any CPU.ActiveCfg = Debug|Any CPU
		{BF2248BA-B4CA-4A69-A7E7-FE5B061F2024}.Debug|Any CPU.Build.0 = Debug|Any CPU
		{BF2248BA-B4CA-4A69-A7E7-FE5B061F2024}.Release|Any CPU.ActiveCfg = Release|Any CPU
		{BF2248BA-B4CA-4A69-A7E7-FE5B061F2024}.Release|Any CPU.Build.0 = Release|Any CPU
	EndGlobalSection
	GlobalSection(SolutionProperties) = preSolution
		HideSolutionNode = FALSE
	EndGlobalSection
EndGlobal
